<?xml version="1.0" encoding="utf-8"?>
<Project ToolsVersion="4.0" xmlns="http://schemas.microsoft.com/developer/msbuild/2003">
  <ItemGroup>
    <Filter Include="common">
      <UniqueIdentifier>{67d0dd0e-5eec-4c40-a972-2d7b6270e4cc}</UniqueIdentifier>
    </Filter>
    <Filter Include="library">
      <UniqueIdentifier>{0569f02f-fd66-44bd-8bb5-4704070ef732}</UniqueIdentifier>
    </Filter>
    <Filter Include="modules">
      <UniqueIdentifier>{2b12369b-7a5e-490c-936d-26f742dc4e4c}</UniqueIdentifier>
    </Filter>
    <Filter Include="library\stb">
      <UniqueIdentifier>{6fc7ed3a-928d-44f6-a163-87eba1c4e7ba}</UniqueIdentifier>
    </Filter>
    <Filter Include="library\glad">
      <UniqueIdentifier>{ffb5c6bd-0d27-478c-8568-84ea1283db1e}</UniqueIdentifier>
    </Filter>
    <Filter Include="modules\application">
      <UniqueIdentifier>{2c2129ff-f7a2-4bc9-887d-9e8a986f24e8}</UniqueIdentifier>
    </Filter>
    <Filter Include="modules\event">
      <UniqueIdentifier>{adec988d-6205-43f8-9774-146c3bc2513a}</UniqueIdentifier>
    </Filter>
    <Filter Include="modules\filesystem">
      <UniqueIdentifier>{665e1d63-92e4-4e66-abd2-66f2beecba30}</UniqueIdentifier>
    </Filter>
    <Filter Include="modules\graphics">
      <UniqueIdentifier>{3ebe20f9-8386-4477-9e0c-4a266bc44ea0}</UniqueIdentifier>
    </Filter>
    <Filter Include="modules\texture">
      <UniqueIdentifier>{ebedfb5b-e7eb-4b1d-b89b-663becf9b280}</UniqueIdentifier>
    </Filter>
    <Filter Include="modules\timer">
      <UniqueIdentifier>{6a2dbad7-e936-4e0d-8b0e-4d7e92f2aa0b}</UniqueIdentifier>
    </Filter>
    <Filter Include="modules\window">
      <UniqueIdentifier>{23623ae5-576f-40a8-b7e6-e2d96276aa51}</UniqueIdentifier>
    </Filter>
    <Filter Include="modules\keyboard">
      <UniqueIdentifier>{4d5c974b-dc22-4be1-ab58-c644c2cd668a}</UniqueIdentifier>
    </Filter>
  </ItemGroup>
  <ItemGroup>
    <ClInclude Include="..\..\only2d\common\Color.h">
      <Filter>common</Filter>
    </ClInclude>
    <ClInclude Include="..\..\only2d\common\Console.h">
      <Filter>common</Filter>
    </ClInclude>
    <ClInclude Include="..\..\only2d\common\Data.h">
      <Filter>common</Filter>
    </ClInclude>
    <ClInclude Include="..\..\only2d\common\Matrix.h">
      <Filter>common</Filter>
    </ClInclude>
    <ClInclude Include="..\..\only2d\common\Module.h">
      <Filter>common</Filter>
    </ClInclude>
    <ClInclude Include="..\..\only2d\common\Vector.h">
      <Filter>common</Filter>
    </ClInclude>
    <ClInclude Include="..\..\only2d\common\Vertex.h">
      <Filter>common</Filter>
    </ClInclude>
    <ClInclude Include="..\..\only2d\Only2D.h" />
    <ClInclude Include="..\..\only2d\modules\application\Application.h">
      <Filter>modules\application</Filter>
    </ClInclude>
    <ClInclude Include="..\..\only2d\modules\event\Event.h">
      <Filter>modules\event</Filter>
    </ClInclude>
    <ClInclude Include="..\..\only2d\modules\filesystem\File.h">
      <Filter>modules\filesystem</Filter>
    </ClInclude>
    <ClInclude Include="..\..\only2d\modules\filesystem\FileData.h">
      <Filter>modules\filesystem</Filter>
    </ClInclude>
    <ClInclude Include="..\..\only2d\modules\filesystem\FileSystem.h">
      <Filter>modules\filesystem</Filter>
    </ClInclude>
    <ClInclude Include="..\..\only2d\modules\window\Window.h">
      <Filter>modules\window</Filter>
    </ClInclude>
    <ClInclude Include="..\..\only2d\modules\window\WindowSettings.h">
      <Filter>modules\window</Filter>
    </ClInclude>
    <ClInclude Include="..\..\only2d\modules\timer\Timer.h">
      <Filter>modules\timer</Filter>
    </ClInclude>
    <ClInclude Include="..\..\only2d\modules\texture\Texture.h">
      <Filter>modules\texture</Filter>
    </ClInclude>
    <ClInclude Include="..\..\only2d\modules\texture\TextureData.h">
      <Filter>modules\texture</Filter>
    </ClInclude>
    <ClInclude Include="..\..\only2d\modules\texture\TextureParser.h">
      <Filter>modules\texture</Filter>
    </ClInclude>
    <ClInclude Include="..\..\only2d\library\glad\glad.h">
      <Filter>library\glad</Filter>
    </ClInclude>
    <ClInclude Include="..\..\only2d\library\glad\khrplatform.h">
      <Filter>library\glad</Filter>
    </ClInclude>
    <ClInclude Include="..\..\only2d\library\stb\stb_image.h">
      <Filter>library\stb</Filter>
    </ClInclude>
    <ClInclude Include="..\..\only2d\modules\keyboard\Keyboard.h">
      <Filter>modules\keyboard</Filter>
    </ClInclude>
    <ClInclude Include="..\..\only2d\modules\graphics\BlendMode.h">
      <Filter>modules\graphics</Filter>
    </ClInclude>
    <ClInclude Include="..\..\only2d\modules\graphics\DefaultShader.h">
      <Filter>modules\graphics</Filter>
    </ClInclude>
    <ClInclude Include="..\..\only2d\modules\graphics\Drawable.h">
      <Filter>modules\graphics</Filter>
    </ClInclude>
    <ClInclude Include="..\..\only2d\modules\graphics\Graphics.h">
      <Filter>modules\graphics</Filter>
    </ClInclude>
    <ClInclude Include="..\..\only2d\modules\graphics\Image.h">
      <Filter>modules\graphics</Filter>
    </ClInclude>
    <ClInclude Include="..\..\only2d\modules\graphics\ImageData.h">
      <Filter>modules\graphics</Filter>
    </ClInclude>
    <ClInclude Include="..\..\only2d\modules\graphics\OpenGL.h">
      <Filter>modules\graphics</Filter>
    </ClInclude>
    <ClInclude Include="..\..\only2d\modules\graphics\OpenGLData.h">
      <Filter>modules\graphics</Filter>
    </ClInclude>
    <ClInclude Include="..\..\only2d\modules\graphics\Quad.h">
      <Filter>modules\graphics</Filter>
    </ClInclude>
    <ClInclude Include="..\..\only2d\modules\graphics\QuadBatch.h">
      <Filter>modules\graphics</Filter>
    </ClInclude>
    <ClInclude Include="..\..\only2d\modules\graphics\Shader.h">
      <Filter>modules\graphics</Filter>
    </ClInclude>
    <ClInclude Include="..\..\only2d\modules\graphics\VertexData.h">
      <Filter>modules\graphics</Filter>
    </ClInclude>
    <ClInclude Include="..\..\only2d\modules\graphics\VertexIndexData.h">
      <Filter>modules\graphics</Filter>
    </ClInclude>
    <ClInclude Include="..\..\only2d\modules\graphics\Viewport.h">
      <Filter>modules\graphics</Filter>
    </ClInclude>
    <ClInclude Include="..\..\only2d\modules\graphics\ImageBatch.h">
      <Filter>modules\graphics</Filter>
    </ClInclude>
  </ItemGroup>
  <ItemGroup>
    <ClCompile Include="..\..\only2d\common\Console.cpp">
      <Filter>common</Filter>
    </ClCompile>
    <ClCompile Include="..\..\only2d\common\Data.cpp">
      <Filter>common</Filter>
    </ClCompile>
    <ClCompile Include="..\..\only2d\common\Matrix.cpp">
      <Filter>common</Filter>
    </ClCompile>
    <ClCompile Include="..\..\only2d\common\Module.cpp">
      <Filter>common</Filter>
    </ClCompile>
    <ClCompile Include="..\..\only2d\common\Vector.cpp">
      <Filter>common</Filter>
    </ClCompile>
    <ClCompile Include="..\..\only2d\modules\application\Application.cpp">
      <Filter>modules\application</Filter>
    </ClCompile>
    <ClCompile Include="..\..\only2d\modules\event\Event.cpp">
      <Filter>modules\event</Filter>
    </ClCompile>
    <ClCompile Include="..\..\only2d\modules\filesystem\File.cpp">
      <Filter>modules\filesystem</Filter>
    </ClCompile>
    <ClCompile Include="..\..\only2d\modules\filesystem\FileData.cpp">
      <Filter>modules\filesystem</Filter>
    </ClCompile>
    <ClCompile Include="..\..\only2d\modules\filesystem\FileSystem.cpp">
      <Filter>modules\filesystem</Filter>
    </ClCompile>
    <ClCompile Include="..\..\only2d\modules\window\Window.cpp">
      <Filter>modules\window</Filter>
    </ClCompile>
    <ClCompile Include="..\..\only2d\modules\window\WindowSettings.cpp">
      <Filter>modules\window</Filter>
    </ClCompile>
    <ClCompile Include="..\..\only2d\modules\timer\Timer.cpp">
      <Filter>modules\timer</Filter>
    </ClCompile>
    <ClCompile Include="..\..\only2d\modules\texture\Texture.cpp">
      <Filter>modules\texture</Filter>
    </ClCompile>
    <ClCompile Include="..\..\only2d\modules\texture\TextureData.cpp">
      <Filter>modules\texture</Filter>
    </ClCompile>
    <ClCompile Include="..\..\only2d\modules\texture\TextureParser.cpp">
      <Filter>modules\texture</Filter>
    </ClCompile>
    <ClCompile Include="..\..\only2d\library\glad\glad.c">
      <Filter>library\glad</Filter>
    </ClCompile>
    <ClCompile Include="..\..\only2d\modules\keyboard\Keyboard.cpp">
      <Filter>modules\keyboard</Filter>
    </ClCompile>
    <ClCompile Include="..\..\only2d\modules\graphics\DefaultShader.cpp">
      <Filter>modules\graphics</Filter>
    </ClCompile>
    <ClCompile Include="..\..\only2d\modules\graphics\Drawable.cpp">
      <Filter>modules\graphics</Filter>
    </ClCompile>
    <ClCompile Include="..\..\only2d\modules\graphics\Graphics.cpp">
      <Filter>modules\graphics</Filter>
    </ClCompile>
    <ClCompile Include="..\..\only2d\modules\graphics\Image.cpp">
      <Filter>modules\graphics</Filter>
    </ClCompile>
    <ClCompile Include="..\..\only2d\modules\graphics\ImageData.cpp">
      <Filter>modules\graphics</Filter>
    </ClCompile>
    <ClCompile Include="..\..\only2d\modules\graphics\OpenGL.cpp">
      <Filter>modules\graphics</Filter>
    </ClCompile>
    <ClCompile Include="..\..\only2d\modules\graphics\OpenGLData.cpp">
      <Filter>modules\graphics</Filter>
    </ClCompile>
    <ClCompile Include="..\..\only2d\modules\graphics\Quad.cpp">
      <Filter>modules\graphics</Filter>
    </ClCompile>
    <ClCompile Include="..\..\only2d\modules\graphics\QuadBatch.cpp">
      <Filter>modules\graphics</Filter>
    </ClCompile>
    <ClCompile Include="..\..\only2d\modules\graphics\Shader.cpp">
      <Filter>modules\graphics</Filter>
    </ClCompile>
    <ClCompile Include="..\..\only2d\modules\graphics\VertexData.cpp">
      <Filter>modules\graphics</Filter>
    </ClCompile>
    <ClCompile Include="..\..\only2d\modules\graphics\VertexIndexData.cpp">
      <Filter>modules\graphics</Filter>
    </ClCompile>
    <ClCompile Include="..\..\only2d\modules\graphics\Viewport.cpp">
      <Filter>modules\graphics</Filter>
    </ClCompile>
    <ClCompile Include="..\..\only2d\modules\graphics\ImageBatch.cpp">
      <Filter>modules\graphics</Filter>
    </ClCompile>
  </ItemGroup>
</Project>